
Microsoft Visual Studio Solution File, Format Version 12.00
# Visual Studio 15
VisualStudioVersion = 15.0.27703.2026
MinimumVisualStudioVersion = 10.0.40219.1
Project("{FAE04EC0-301F-11D3-BF4B-00C04F79EFBC}") = "PingWatcher", "PingWatcher\PingWatcher.csproj", "{3EE51EAB-D828-4A2B-86A1-F2CCC113474D}"
EndProject
Global
	GlobalSection(SolutionConfigurationPlatforms) = preSolution
		Debug|Any CPU = Debug|Any CPU
		Release|Any CPU = Release|Any CPU
	EndGlobalSection
	GlobalSection(ProjectConfigurationPlatforms) = postSolution
		{3EE51EAB-D828-4A2B-86A1-F2CCC113474D}.Debug|Any CPU.ActiveCfg = Debug|Any CPU
		{3EE51EAB-D828-4A2B-86A1-F2CCC113474D}.Debug|Any CPU.Build.0 = Debug|Any CPU
		{3EE51EAB-D828-4A2B-86A1-F2CCC113474D}.Release|Any CPU.ActiveCfg = Release|Any CPU
		{3EE51EAB-D828-4A2B-86A1-F2CCC113474D}.Release|Any CPU.Build.0 = Release|Any CPU
	EndGlobalSection
	GlobalSection(SolutionProperties) = preSolution
		HideSolutionNode = FALSE
	EndGlobalSection
	GlobalSection(ExtensibilityGlobals) = postSolution
		SolutionGuid = {F88DD740-99D9-437D-8B01-C991A9158B79}
	EndGlobalSection
EndGlobal
